version = 1
revision = 3
requires-python = "==3.12.4"

[[package]]
name = "asgiref"
version = "3.11.1"
source = { registry = "https://pypi.org/simple" }
sdist = { url = "https://files.pythonhosted.org/packages/63/40/f03da1264ae8f7cfdbf9146542e5e7e8100a4c66ab48e791df9a03d3f6c0/asgiref-3.11.1.tar.gz", hash = "sha256:5f184dc43b7e763efe848065441eac62229c9f7b0475f41f80e207a114eda4ce", size = 38550, upload-time = "2026-02-03T13:30:14.33Z" }
wheels = [
    { url = "https://files.pythonhosted.org/packages/5c/0a/a72d10ed65068e115044937873362e6e32fab1b7dce0046aeb224682c989/asgiref-3.11.1-py3-none-any.whl", hash = "sha256:e8667a091e69529631969fd45dc268fa79b99c92c5fcdda727757e52146ec133", size = 24345, upload-time = "2026-02-03T13:30:13.039Z" },
]

[[package]]
name = "boto3"
version = "1.42.68"
source = { registry = "https://pypi.org/simple" }
dependencies = [
    { name = "botocore" },
    { name = "jmespath" },
    { name = "s3transfer" },
]
sdist = { url = "https://files.pythonhosted.org/packages/06/ae/60c642aa5413e560b671da825329f510b29a77274ed0f580bde77562294d/boto3-1.42.68.tar.gz", hash = "sha256:3f349f967ab38c23425626d130962bcb363e75f042734fe856ea8c5a00eef03c", size = 112761, upload-time = "2026-03-13T19:32:17.137Z" }
wheels = [
    { url = "https://files.pythonhosted.org/packages/fb/f6/dc6e993479dbb597d68223fbf61cb026511737696b15bd7d2a33e9b2c24f/boto3-1.42.68-py3-none-any.whl", hash = "sha256:dbff353eb7dc93cbddd7926ed24793e0174c04adbe88860dfa639568442e4962", size = 140556, upload-time = "2026-03-13T19:32:14.951Z" },
]

[[package]]
name = "botocore"
version = "1.42.68"
source = { registry = "https://pypi.org/simple" }
dependencies = [
    { name = "jmespath" },
    { name = "python-dateutil" },
    { name = "urllib3" },
]
sdist = { url = "https://files.pythonhosted.org/packages/3f/22/87502d5fbbfa8189406a617b30b1e2a3dc0ab2669f7268e91b385c1c1c7a/botocore-1.42.68.tar.gz", hash = "sha256:3951c69e12ac871dda245f48dac5c7dd88ea1bfdd74a8879ec356cf2874b806a", size = 14994514, upload-time = "2026-03-13T19:32:03.577Z" }
wheels = [
    { url = "https://files.pythonhosted.org/packages/3c/2a/1428f6594799780fe6ee845d8e6aeffafe026cd16a70c878684e2dcbbfc8/botocore-1.42.68-py3-none-any.whl", hash = "sha256:9df7da26374601f890e2f115bfa573d65bf15b25fe136bb3aac809f6145f52ab", size = 14668816, upload-time = "2026-03-13T19:31:58.572Z" },
]

[[package]]
name = "certifi"
version = "2026.2.25"
source = { registry = "https://pypi.org/simple" }
sdist = { url = "https://files.pythonhosted.org/packages/af/2d/7bf41579a8986e348fa033a31cdd0e4121114f6bce2457e8876010b092dd/certifi-2026.2.25.tar.gz", hash = "sha256:e887ab5cee78ea814d3472169153c2d12cd43b14bd03329a39a9c6e2e80bfba7", size = 155029, upload-time = "2026-02-25T02:54:17.342Z" }
wheels = [
    { url = "https://files.pythonhosted.org/packages/9a/3c/c17fb3ca2d9c3acff52e30b309f538586f9f5b9c9cf454f3845fc9af4881/certifi-2026.2.25-py3-none-any.whl", hash = "sha256:027692e4402ad994f1c42e52a4997a9763c646b73e4096e4d5d6db8af1d6f0fa", size = 153684, upload-time = "2026-02-25T02:54:15.766Z" },
]

[[package]]
name = "charset-normalizer"
version = "3.4.6"
source = { registry = "https://pypi.org/simple" }
sdist = { url = "https://files.pythonhosted.org/packages/7b/60/e3bec1881450851b087e301bedc3daa9377a4d45f1c26aa90b0b235e38aa/charset_normalizer-3.4.6.tar.gz", hash = "sha256:1ae6b62897110aa7c79ea2f5dd38d1abca6db663687c0b1ad9aed6f6bae3d9d6", size = 143363, upload-time = "2026-03-15T18:53:25.478Z" }
wheels = [
    { url = "https://files.pythonhosted.org/packages/e5/62/c0815c992c9545347aeea7859b50dc9044d147e2e7278329c6e02ac9a616/charset_normalizer-3.4.6-cp312-cp312-macosx_10_13_universal2.whl", hash = "sha256:2ef7fedc7a6ecbe99969cd09632516738a97eeb8bd7258bf8a0f23114c057dab", size = 295154, upload-time = "2026-03-15T18:50:50.88Z" },
    { url = "https://files.pythonhosted.org/packages/a8/37/bdca6613c2e3c58c7421891d80cc3efa1d32e882f7c4a7ee6039c3fc951a/charset_normalizer-3.4.6-cp312-cp312-manylinux2014_aarch64.manylinux_2_17_aarch64.manylinux_2_28_aarch64.whl", hash = "sha256:a4ea868bc28109052790eb2b52a9ab33f3aa7adc02f96673526ff47419490e21", size = 199191, upload-time = "2026-03-15T18:50:52.658Z" },
    { url = "https://files.pythonhosted.org/packages/6c/92/9934d1bbd69f7f398b38c5dae1cbf9cc672e7c34a4adf7b17c0a9c17d15d/charset_normalizer-3.4.6-cp312-cp312-manylinux2014_ppc64le.manylinux_2_17_ppc64le.manylinux_2_28_ppc64le.whl", hash = "sha256:836ab36280f21fc1a03c99cd05c6b7af70d2697e374c7af0b61ed271401a72a2", size = 218674, upload-time = "2026-03-15T18:50:54.102Z" },
    { url = "https://files.pythonhosted.org/packages/af/90/25f6ab406659286be929fd89ab0e78e38aa183fc374e03aa3c12d730af8a/charset_normalizer-3.4.6-cp312-cp312-manylinux2014_s390x.manylinux_2_17_s390x.manylinux_2_28_s390x.whl", hash = "sha256:f1ce721c8a7dfec21fcbdfe04e8f68174183cf4e8188e0645e92aa23985c57ff", size = 215259, upload-time = "2026-03-15T18:50:55.616Z" },
    { url = "https://files.pythonhosted.org/packages/4e/ef/79a463eb0fff7f96afa04c1d4c51f8fc85426f918db467854bfb6a569ce3/charset_normalizer-3.4.6-cp312-cp312-manylinux2014_x86_64.manylinux_2_17_x86_64.manylinux_2_28_x86_64.whl", hash = "sha256:0e28d62a8fc7a1fa411c43bd65e346f3bce9716dc51b897fbe930c5987b402d5", size = 207276, upload-time = "2026-03-15T18:50:57.054Z" },
    { url = "https://files.pythonhosted.org/packages/f7/72/d0426afec4b71dc159fa6b4e68f868cd5a3ecd918fec5813a15d292a7d10/charset_normalizer-3.4.6-cp312-cp312-manylinux_2_31_armv7l.whl", hash = "sha256:530d548084c4a9f7a16ed4a294d459b4f229db50df689bfe92027452452943a0", size = 195161, upload-time = "2026-03-15T18:50:58.686Z" },
    { url = "https://files.pythonhosted.org/packages/bf/18/c82b06a68bfcb6ce55e508225d210c7e6a4ea122bfc0748892f3dc4e8e11/charset_normalizer-3.4.6-cp312-cp312-manylinux_2_31_riscv64.manylinux_2_39_riscv64.whl", hash = "sha256:30f445ae60aad5e1f8bdbb3108e39f6fbc09f4ea16c815c66578878325f8f15a", size = 203452, upload-time = "2026-03-15T18:51:00.196Z" },
    { url = "https://files.pythonhosted.org/packages/44/d6/0c25979b92f8adafdbb946160348d8d44aa60ce99afdc27df524379875cb/charset_normalizer-3.4.6-cp312-cp312-musllinux_1_2_aarch64.whl", hash = "sha256:ac2393c73378fea4e52aa56285a3d64be50f1a12395afef9cce47772f60334c2", size = 202272, upload-time = "2026-03-15T18:51:01.703Z" },
    { url = "https://files.pythonhosted.org/packages/2e/3d/7fea3e8fe84136bebbac715dd1221cc25c173c57a699c030ab9b8900cbb7/charset_normalizer-3.4.6-cp312-cp312-musllinux_1_2_armv7l.whl", hash = "sha256:90ca27cd8da8118b18a52d5f547859cc1f8354a00cd1e8e5120df3e30d6279e5", size = 195622, upload-time = "2026-03-15T18:51:03.526Z" },
    { url = "https://files.pythonhosted.org/packages/57/8a/d6f7fd5cb96c58ef2f681424fbca01264461336d2a7fc875e4446b1f1346/charset_normalizer-3.4.6-cp312-cp312-musllinux_1_2_ppc64le.whl", hash = "sha256:8e5a94886bedca0f9b78fecd6afb6629142fd2605aa70a125d49f4edc6037ee6", size = 220056, upload-time = "2026-03-15T18:51:05.269Z" },
    { url = "https://files.pythonhosted.org/packages/16/50/478cdda782c8c9c3fb5da3cc72dd7f331f031e7f1363a893cdd6ca0f8de0/charset_normalizer-3.4.6-cp312-cp312-musllinux_1_2_riscv64.whl", hash = "sha256:695f5c2823691a25f17bc5d5ffe79fa90972cc34b002ac6c843bb8a1720e950d", size = 203751, upload-time = "2026-03-15T18:51:06.858Z" },
    { url = "https://files.pythonhosted.org/packages/75/fc/cc2fcac943939c8e4d8791abfa139f685e5150cae9f94b60f12520feaa9b/charset_normalizer-3.4.6-cp312-cp312-musllinux_1_2_s390x.whl", hash = "sha256:231d4da14bcd9301310faf492051bee27df11f2bc7549bc0bb41fef11b82daa2", size = 216563, upload-time = "2026-03-15T18:51:08.564Z" },
    { url = "https://files.pythonhosted.org/packages/a8/b7/a4add1d9a5f68f3d037261aecca83abdb0ab15960a3591d340e829b37298/charset_normalizer-3.4.6-cp312-cp312-musllinux_1_2_x86_64.whl", hash = "sha256:a056d1ad2633548ca18ffa2f85c202cfb48b68615129143915b8dc72a806a923", size = 209265, upload-time = "2026-03-15T18:51:10.312Z" },
    { url = "https://files.pythonhosted.org/packages/6c/18/c094561b5d64a24277707698e54b7f67bd17a4f857bbfbb1072bba07c8bf/charset_normalizer-3.4.6-cp312-cp312-win32.whl", hash = "sha256:c2274ca724536f173122f36c98ce188fd24ce3dad886ec2b7af859518ce008a4", size = 144229, upload-time = "2026-03-15T18:51:11.694Z" },
    { url = "https://files.pythonhosted.org/packages/ab/20/0567efb3a8fd481b8f34f739ebddc098ed062a59fed41a8d193a61939e8f/charset_normalizer-3.4.6-cp312-cp312-win_amd64.whl", hash = "sha256:c8ae56368f8cc97c7e40a7ee18e1cedaf8e780cd8bc5ed5ac8b81f238614facb", size = 154277, upload-time = "2026-03-15T18:51:13.004Z" },
    { url = "https://files.pythonhosted.org/packages/15/57/28d79b44b51933119e21f65479d0864a8d5893e494cf5daab15df0247c17/charset_normalizer-3.4.6-cp312-cp312-win_arm64.whl", hash = "sha256:899d28f422116b08be5118ef350c292b36fc15ec2daeb9ea987c89281c7bb5c4", size = 142817, upload-time = "2026-03-15T18:51:14.408Z" },
    { url = "https://files.pythonhosted.org/packages/2a/68/687187c7e26cb24ccbd88e5069f5ef00eba804d36dde11d99aad0838ab45/charset_normalizer-3.4.6-py3-none-any.whl", hash = "sha256:947cf925bc916d90adba35a64c82aace04fa39b46b52d4630ece166655905a69", size = 61455, upload-time = "2026-03-15T18:53:23.833Z" },
]

[[package]]
name = "colorama"
version = "0.4.6"
source = { registry = "https://pypi.org/simple" }
sdist = { url = "https://files.pythonhosted.org/packages/d8/53/6f443c9a4a8358a93a6792e2acffb9d9d5cb0a5cfd8802644b7b1c9a02e4/colorama-0.4.6.tar.gz", hash = "sha256:08695f5cb7ed6e0531a20572697297273c47b8cae5a63ffc6d6ed5c201be6e44", size = 27697, upload-time = "2022-10-25T02:36:22.414Z" }
wheels = [
    { url = "https://files.pythonhosted.org/packages/d1/d6/3965ed04c63042e047cb6a3e6ed1a63a35087b6a609aa3a15ed8ac56c221/colorama-0.4.6-py2.py3-none-any.whl", hash = "sha256:4f1d9991f5acc0ca119f9d443620b77f9d6b33703e51011c16baf57afb285fc6", size = 25335, upload-time = "2022-10-25T02:36:20.889Z" },
]

[[package]]
name = "django"
version = "5.0.6"
source = { registry = "https://pypi.org/simple" }
dependencies = [
    { name = "asgiref" },
    { name = "sqlparse" },
    { name = "tzdata", marker = "sys_platform == 'win32'" },
]
sdist = { url = "https://files.pythonhosted.org/packages/4c/d3/b0dae3b5e6412227ec4387cf39110be3432c53886d2927c78b5f6976f1cb/Django-5.0.6.tar.gz", hash = "sha256:ff1b61005004e476e0aeea47c7f79b85864c70124030e95146315396f1e7951f", size = 10639679, upload-time = "2024-05-07T16:55:48.753Z" }
wheels = [
    { url = "https://files.pythonhosted.org/packages/1d/23/02f3795a71196019bcfec4c67890a6369e43b023474154fa0b2b7060346d/Django-5.0.6-py3-none-any.whl", hash = "sha256:8363ac062bb4ef7c3f12d078f6fa5d154031d129a15170a1066412af49d30905", size = 8183735, upload-time = "2024-05-07T16:55:41.136Z" },
]

[[package]]
name = "django-debug-toolbar"
version = "4.4.6"
source = { registry = "https://pypi.org/simple" }
dependencies = [
    { name = "django" },
    { name = "sqlparse" },
]
sdist = { url = "https://files.pythonhosted.org/packages/d4/9c/0a3238eda0a46df20f2e3fe2a30313d34f5042a1a737d08230b77c29a3e9/django_debug_toolbar-4.4.6.tar.gz", hash = "sha256:36e421cb908c2f0675e07f9f41e3d1d8618dc386392ec82d23bcfcd5d29c7044", size = 272610, upload-time = "2024-07-10T13:18:13.302Z" }
wheels = [
    { url = "https://files.pythonhosted.org/packages/2f/33/2036a472eedfbe49240dffea965242b3f444de4ea4fbeceb82ccea33a2ce/django_debug_toolbar-4.4.6-py3-none-any.whl", hash = "sha256:3beb671c9ec44ffb817fad2780667f172bd1c067dbcabad6268ce39a81335f45", size = 229621, upload-time = "2024-07-10T13:18:35.71Z" },
]

[[package]]
name = "django-storages"
version = "1.13.2"
source = { registry = "https://pypi.org/simple" }
dependencies = [
    { name = "django" },
]
sdist = { url = "https://files.pythonhosted.org/packages/cb/8a/3872af7e3d61a8eb7616872549cd74f7f1090de41792a059adb7ce6854dc/django-storages-1.13.2.tar.gz", hash = "sha256:cbadd15c909ceb7247d4ffc503f12a9bec36999df8d0bef7c31e57177d512688", size = 107522, upload-time = "2022-12-23T04:54:47.871Z" }
wheels = [
    { url = "https://files.pythonhosted.org/packages/06/ed/6eef8d009138d4c58c63026bf24e946a7e09caac77aca33ab46a5e5bc51f/django_storages-1.13.2-py3-none-any.whl", hash = "sha256:31dc5a992520be571908c4c40d55d292660ece3a55b8141462b4e719aa38eab3", size = 46715, upload-time = "2022-12-23T04:54:45.041Z" },
]

[[package]]
name = "django-tree-queries"
version = "0.23.1"
source = { registry = "https://pypi.org/simple" }
sdist = { url = "https://files.pythonhosted.org/packages/ad/5d/b458b8c1826cdb12b2017ca338725ea0eabfef3d6effe4236da697fc0489/django_tree_queries-0.23.1.tar.gz", hash = "sha256:9e7a4954b6e044cf6bdaa03e8e19088f031defe6f4f5896c9eaf7e109ca189c0", size = 28569, upload-time = "2026-02-18T10:51:49.523Z" }
wheels = [
    { url = "https://files.pythonhosted.org/packages/07/d6/6676c83c63083984f9b58d3d7bf60eb089ab7755745498e4e3b1a6883f43/django_tree_queries-0.23.1-py3-none-any.whl", hash = "sha256:5b77c82bfbc57a613bad1e58be7eca4b4a22aa9b20e2571262687429de5d164d", size = 32567, upload-time = "2026-02-18T10:51:47.604Z" },
]

[[package]]
name = "django-webpack-loader"
version = "3.2.3"
source = { registry = "https://pypi.org/simple" }
sdist = { url = "https://files.pythonhosted.org/packages/cd/4a/83aa8a9729d5c85e928e96fe42b2cde5db8f636e05de57f5f0235a52a64b/django_webpack_loader-3.2.3.tar.gz", hash = "sha256:81092499af8e0c9b3a0bad21324aca6e2ad786133b19248dae213eb9661a17f7", size = 17991, upload-time = "2025-12-09T16:59:52.871Z" }
wheels = [
    { url = "https://files.pythonhosted.org/packages/6b/73/79ca8f2fa733a75e3feb21dc7bc67868d9a0156761ee99ac041aef268739/django_webpack_loader-3.2.3-py2.py3-none-any.whl", hash = "sha256:d070bfe8ea5bd6ed48810a8d247204bb7f672573bdb6a7b589f6b75998a45993", size = 20940, upload-time = "2025-12-09T16:59:51.313Z" },
]

[[package]]
name = "djangorestframework"
version = "3.15.1"
source = { registry = "https://pypi.org/simple" }
dependencies = [
    { name = "django" },
]
sdist = { url = "https://files.pythonhosted.org/packages/ec/60/cc2dd985400293fe7bf3fa1b9a5d61f5b44200c33f7d31952f2c9fd79e8a/djangorestframework-3.15.1.tar.gz", hash = "sha256:f88fad74183dfc7144b2756d0d2ac716ea5b4c7c9840995ac3bfd8ec034333c1", size = 1066194, upload-time = "2024-03-22T15:50:51.875Z" }
wheels = [
    { url = "https://files.pythonhosted.org/packages/c0/7e/8c45ea7f85dd5d52ceddbacc6f56ecaca21ecbfc0e8c34c95618a14d5082/djangorestframework-3.15.1-py3-none-any.whl", hash = "sha256:3ccc0475bce968608cf30d07fb17d8e52d1d7fc8bfe779c905463200750cbca6", size = 1067096, upload-time = "2024-03-22T15:50:48.759Z" },
]

[[package]]
name = "exifread"
version = "2.3.2"
source = { registry = "https://pypi.org/simple" }
sdist = { url = "https://files.pythonhosted.org/packages/5f/a6/e5bdca841e5cc1a0eb7b9bf64854a4bf4e19e6de1a14092f93b8c907e87a/ExifRead-2.3.2.tar.gz", hash = "sha256:a0f74af5040168d3883bbc980efe26d06c89f026dc86ba28eb34107662d51766", size = 38276, upload-time = "2020-10-29T19:37:31.279Z" }
wheels = [
    { url = "https://files.pythonhosted.org/packages/91/c6/177a40fefa6e9ed1a10f0f98863a7137b0a89c4eae5609b9737926dba85f/ExifRead-2.3.2-py3-none-any.whl", hash = "sha256:3ef8725efdb66530b4b3cd1c4ba5d3f3b35a7872137d2c707f711971f8ebf809", size = 38578, upload-time = "2020-10-29T19:37:29.206Z" },
]

[[package]]
name = "factory-boy"
version = "2.12.0"
source = { registry = "https://pypi.org/simple" }
dependencies = [
    { name = "faker" },
]
sdist = { url = "https://files.pythonhosted.org/packages/5d/28/9f2284328547a3e29b39422a0a138d118a57686c0b4479f00c72240668d7/factory_boy-2.12.0.tar.gz", hash = "sha256:faf48d608a1735f0d0a3c9cbf536d64f9132b547dae7ba452c4d99a79e84a370", size = 153557, upload-time = "2019-05-11T14:39:42.384Z" }
wheels = [
    { url = "https://files.pythonhosted.org/packages/63/c3/e4d5ed760f09f5dfb6ebbc44e22801a5fa9fcad9158f5ec59d8304092833/factory_boy-2.12.0-py2.py3-none-any.whl", hash = "sha256:728df59b372c9588b83153facf26d3d28947fc750e8e3c95cefa9bed0e6394ee", size = 36911, upload-time = "2019-05-11T14:39:40.493Z" },
]

[[package]]
name = "faker"
version = "2.0.0"
source = { registry = "https://pypi.org/simple" }
dependencies = [
    { name = "python-dateutil" },
    { name = "six" },
    { name = "text-unidecode" },
]
sdist = { url = "https://files.pythonhosted.org/packages/25/f4/fced6499dd8bdb4181df08bf8d8da98da1acfee81508e9fb6792eeade8de/Faker-2.0.0.tar.gz", hash = "sha256:96ad7902706f2409a2d0c3de5132f69b413555a419bacec99d3f16e657895b47", size = 834573, upload-time = "2019-07-15T14:58:33.629Z" }
wheels = [
    { url = "https://files.pythonhosted.org/packages/44/ae/1dc34e68b968a154ddf109c33489c17a415857fb3e39002c07f4dbb7af5a/Faker-2.0.0-py2.py3-none-any.whl", hash = "sha256:b3bb64aff9571510de6812df45122b633dbc6227e870edae3ed9430f94698521", size = 877237, upload-time = "2019-07-15T14:58:30.723Z" },
]

[[package]]
name = "gallery-doktortakes-photos"
version = "0.1.0"
source = { virtual = "." }
dependencies = [
    { name = "boto3" },
    { name = "django" },
    { name = "django-storages" },
    { name = "django-tree-queries" },
    { name = "django-webpack-loader" },
    { name = "djangorestframework" },
    { name = "exifread" },
    { name = "gunicorn" },
    { name = "pillow" },
    { name = "psycopg", extra = ["binary"] },
    { name = "requests" },
    { name = "toml" },
]

[package.dev-dependencies]
dev = [
    { name = "django-debug-toolbar" },
    { name = "factory-boy" },
    { name = "faker" },
    { name = "pytest" },
    { name = "pytest-django" },
]

[package.metadata]
requires-dist = [
    { name = "boto3", specifier = ">=1.21.33,<2" },
    { name = "django", specifier = "==5.0.6" },
    { name = "django-storages", specifier = "==1.13.2" },
    { name = "django-tree-queries", specifier = "==0.23.1" },
    { name = "django-webpack-loader", specifier = ">=3.1.0,<4" },
    { name = "djangorestframework", specifier = "==3.15.1" },
    { name = "exifread", specifier = "==2.3.2" },
    { name = "gunicorn", specifier = "==25.1.0" },
    { name = "pillow", specifier = "==10.3.0" },
    { name = "psycopg", extras = ["binary"], specifier = "==3.1.19" },
    { name = "requests", specifier = ">=2.31.0,<3" },
    { name = "toml", specifier = "==0.10.2" },
]

[package.metadata.requires-dev]
dev = [
    { name = "django-debug-toolbar", specifier = "==4.4.6" },
    { name = "factory-boy", specifier = "==2.12.0" },
    { name = "faker", specifier = "==2.0.0" },
    { name = "pytest", specifier = ">=7.1.2,<8" },
    { name = "pytest-django", specifier = "==3.5.1" },
]

[[package]]
name = "gunicorn"
version = "25.1.0"
source = { registry = "https://pypi.org/simple" }
dependencies = [
    { name = "packaging" },
]
sdist = { url = "https://files.pythonhosted.org/packages/66/13/ef67f59f6a7896fdc2c1d62b5665c5219d6b0a9a1784938eb9a28e55e128/gunicorn-25.1.0.tar.gz", hash = "sha256:1426611d959fa77e7de89f8c0f32eed6aa03ee735f98c01efba3e281b1c47616", size = 594377, upload-time = "2026-02-13T11:09:58.989Z" }
wheels = [
    { url = "https://files.pythonhosted.org/packages/da/73/4ad5b1f6a2e21cf1e85afdaad2b7b1a933985e2f5d679147a1953aaa192c/gunicorn-25.1.0-py3-none-any.whl", hash = "sha256:d0b1236ccf27f72cfe14bce7caadf467186f19e865094ca84221424e839b8b8b", size = 197067, upload-time = "2026-02-13T11:09:57.146Z" },
]

[[package]]
name = "idna"
version = "3.11"
source = { registry = "https://pypi.org/simple" }
sdist = { url = "https://files.pythonhosted.org/packages/6f/6d/0703ccc57f3a7233505399edb88de3cbd678da106337b9fcde432b65ed60/idna-3.11.tar.gz", hash = "sha256:795dafcc9c04ed0c1fb032c2aa73654d8e8c5023a7df64a53f39190ada629902", size = 194582, upload-time = "2025-10-12T14:55:20.501Z" }
wheels = [
    { url = "https://files.pythonhosted.org/packages/0e/61/66938bbb5fc52dbdf84594873d5b51fb1f7c7794e9c0f5bd885f30bc507b/idna-3.11-py3-none-any.whl", hash = "sha256:771a87f49d9defaf64091e6e6fe9c18d4833f140bd19464795bc32d966ca37ea", size = 71008, upload-time = "2025-10-12T14:55:18.883Z" },
]

[[package]]
name = "iniconfig"
version = "2.3.0"
source = { registry = "https://pypi.org/simple" }
sdist = { url = "https://files.pythonhosted.org/packages/72/34/14ca021ce8e5dfedc35312d08ba8bf51fdd999c576889fc2c24cb97f4f10/iniconfig-2.3.0.tar.gz", hash = "sha256:c76315c77db068650d49c5b56314774a7804df16fee4402c1f19d6d15d8c4730", size = 20503, upload-time = "2025-10-18T21:55:43.219Z" }
wheels = [
    { url = "https://files.pythonhosted.org/packages/cb/b1/3846dd7f199d53cb17f49cba7e651e9ce294d8497c8c150530ed11865bb8/iniconfig-2.3.0-py3-none-any.whl", hash = "sha256:f631c04d2c48c52b84d0d0549c99ff3859c98df65b3101406327ecc7d53fbf12", size = 7484, upload-time = "2025-10-18T21:55:41.639Z" },
]

[[package]]
name = "jmespath"
version = "1.1.0"
source = { registry = "https://pypi.org/simple" }
sdist = { url = "https://files.pythonhosted.org/packages/d3/59/322338183ecda247fb5d1763a6cbe46eff7222eaeebafd9fa65d4bf5cb11/jmespath-1.1.0.tar.gz", hash = "sha256:472c87d80f36026ae83c6ddd0f1d05d4e510134ed462851fd5f754c8c3cbb88d", size = 27377, upload-time = "2026-01-22T16:35:26.279Z" }
wheels = [
    { url = "https://files.pythonhosted.org/packages/14/2f/967ba146e6d58cf6a652da73885f52fc68001525b4197effc174321d70b4/jmespath-1.1.0-py3-none-any.whl", hash = "sha256:a5663118de4908c91729bea0acadca56526eb2698e83de10cd116ae0f4e97c64", size = 20419, upload-time = "2026-01-22T16:35:24.919Z" },
]

[[package]]
name = "packaging"
version = "26.0"
source = { registry = "https://pypi.org/simple" }
sdist = { url = "https://files.pythonhosted.org/packages/65/ee/299d360cdc32edc7d2cf530f3accf79c4fca01e96ffc950d8a52213bd8e4/packaging-26.0.tar.gz", hash = "sha256:00243ae351a257117b6a241061796684b084ed1c516a08c48a3f7e147a9d80b4", size = 143416, upload-time = "2026-01-21T20:50:39.064Z" }
wheels = [
    { url = "https://files.pythonhosted.org/packages/b7/b9/c538f279a4e237a006a2c98387d081e9eb060d203d8ed34467cc0f0b9b53/packaging-26.0-py3-none-any.whl", hash = "sha256:b36f1fef9334a5588b4166f8bcd26a14e521f2b55e6b9de3aaa80d3ff7a37529", size = 74366, upload-time = "2026-01-21T20:50:37.788Z" },
]

[[package]]
name = "pillow"
version = "10.3.0"
source = { registry = "https://pypi.org/simple" }
sdist = { url = "https://files.pythonhosted.org/packages/ef/43/c50c17c5f7d438e836c169e343695534c38c77f60e7c90389bd77981bc21/pillow-10.3.0.tar.gz", hash = "sha256:9d2455fbf44c914840c793e89aa82d0e1763a14253a000743719ae5946814b2d", size = 46572854, upload-time = "2024-04-01T12:19:40.048Z" }
wheels = [
    { url = "https://files.pythonhosted.org/packages/cc/5d/b7fcd38cba0f7706f64c1674fc9f018e4c64f791770598c44affadea7c2f/pillow-10.3.0-cp312-cp312-macosx_10_10_x86_64.whl", hash = "sha256:e46f38133e5a060d46bd630faa4d9fa0202377495df1f068a8299fd78c84de84", size = 3528535, upload-time = "2024-04-01T12:17:55.891Z" },
    { url = "https://files.pythonhosted.org/packages/5e/77/4cf407e7b033b4d8e5fcaac295b6e159cf1c70fa105d769f01ea2e1e5eca/pillow-10.3.0-cp312-cp312-macosx_11_0_arm64.whl", hash = "sha256:50b8eae8f7334ec826d6eeffaeeb00e36b5e24aa0b9df322c247539714c6df19", size = 3352281, upload-time = "2024-04-01T12:17:58.527Z" },
    { url = "https://files.pythonhosted.org/packages/53/7b/4f7b153a776725a87797d744ea1c73b83ac0b723f5e379297605dee118eb/pillow-10.3.0-cp312-cp312-manylinux_2_17_aarch64.manylinux2014_aarch64.whl", hash = "sha256:9d3bea1c75f8c53ee4d505c3e67d8c158ad4df0d83170605b50b64025917f338", size = 4321427, upload-time = "2024-04-01T12:18:00.809Z" },
    { url = "https://files.pythonhosted.org/packages/45/08/d2cc751b790e77464f8648aa707e2327d6da5d95cf236a532e99c2e7a499/pillow-10.3.0-cp312-cp312-manylinux_2_17_x86_64.manylinux2014_x86_64.whl", hash = "sha256:19aeb96d43902f0a783946a0a87dbdad5c84c936025b8419da0a0cd7724356b1", size = 4435915, upload-time = "2024-04-01T12:18:03.084Z" },
    { url = "https://files.pythonhosted.org/packages/ef/97/f69d1932cf45bf5bd9fa1e2ae57bdf716524faa4fa9fb7dc62cdb1a19113/pillow-10.3.0-cp312-cp312-manylinux_2_28_aarch64.whl", hash = "sha256:74d28c17412d9caa1066f7a31df8403ec23d5268ba46cd0ad2c50fb82ae40462", size = 4347392, upload-time = "2024-04-01T12:18:05.319Z" },
    { url = "https://files.pythonhosted.org/packages/c6/c1/3521ddb9c1f3ac106af3e4512a98c785b6ed8a39e0f778480b8a4d340165/pillow-10.3.0-cp312-cp312-manylinux_2_28_x86_64.whl", hash = "sha256:ff61bfd9253c3915e6d41c651d5f962da23eda633cf02262990094a18a55371a", size = 4514536, upload-time = "2024-04-01T12:18:08.039Z" },
    { url = "https://files.pythonhosted.org/packages/c0/6f/347c241904a6514e59515284b01ba6f61765269a0d1a19fd2e6cbe331c8a/pillow-10.3.0-cp312-cp312-musllinux_1_1_aarch64.whl", hash = "sha256:d886f5d353333b4771d21267c7ecc75b710f1a73d72d03ca06df49b09015a9ef", size = 4555987, upload-time = "2024-04-01T12:18:10.106Z" },
    { url = "https://files.pythonhosted.org/packages/c3/e2/3cc490c6b2e262713da82ce849c34bd8e6c31242afb53be8595d820b9877/pillow-10.3.0-cp312-cp312-musllinux_1_1_x86_64.whl", hash = "sha256:4b5ec25d8b17217d635f8935dbc1b9aa5907962fae29dff220f2659487891cd3", size = 4623526, upload-time = "2024-04-01T12:18:12.172Z" },
    { url = "https://files.pythonhosted.org/packages/c1/b3/0209f70fa29b383e7618e47db95712a45788dea03bb960601753262a2883/pillow-10.3.0-cp312-cp312-win32.whl", hash = "sha256:51243f1ed5161b9945011a7360e997729776f6e5d7005ba0c6879267d4c5139d", size = 2217547, upload-time = "2024-04-01T12:18:14.188Z" },
    { url = "https://files.pythonhosted.org/packages/d3/23/3927d888481ff7c44fdbca3bc2a2e97588c933db46723bf115201377c436/pillow-10.3.0-cp312-cp312-win_amd64.whl", hash = "sha256:412444afb8c4c7a6cc11a47dade32982439925537e483be7c0ae0cf96c4f6a0b", size = 2531641, upload-time = "2024-04-01T12:18:16.081Z" },
    { url = "https://files.pythonhosted.org/packages/db/36/1ecaa0541d3a1b1362f937d386eeb1875847bfa06d5225f1b0e1588d1007/pillow-10.3.0-cp312-cp312-win_arm64.whl", hash = "sha256:798232c92e7665fe82ac085f9d8e8ca98826f8e27859d9a96b41d519ecd2e49a", size = 2229746, upload-time = "2024-04-01T12:18:18.174Z" },
]

[[package]]
name = "pluggy"
version = "1.6.0"
source = { registry = "https://pypi.org/simple" }
sdist = { url = "https://files.pythonhosted.org/packages/f9/e2/3e91f31a7d2b083fe6ef3fa267035b518369d9511ffab804f839851d2779/pluggy-1.6.0.tar.gz", hash = "sha256:7dcc130b76258d33b90f61b658791dede3486c3e6bfb003ee5c9bfb396dd22f3", size = 69412, upload-time = "2025-05-15T12:30:07.975Z" }
wheels = [
    { url = "https://files.pythonhosted.org/packages/54/20/4d324d65cc6d9205fabedc306948156824eb9f0ee1633355a8f7ec5c66bf/pluggy-1.6.0-py3-none-any.whl", hash = "sha256:e920276dd6813095e9377c0bc5566d94c932c33b27a3e3945d8389c374dd4746", size = 20538, upload-time = "2025-05-15T12:30:06.134Z" },
]

[[package]]
name = "psycopg"
version = "3.1.19"
source = { registry = "https://pypi.org/simple" }
dependencies = [
    { name = "typing-extensions" },
    { name = "tzdata", marker = "sys_platform == 'win32'" },
]
sdist = { url = "https://files.pythonhosted.org/packages/e5/b8/dc85a3b5d3576527c288197de5db85edd141d6ce27fcf73e9f77e871824a/psycopg-3.1.19.tar.gz", hash = "sha256:92d7b78ad82426cdcf1a0440678209faa890c6e1721361c2f8901f0dccd62961", size = 147457, upload-time = "2024-05-10T12:28:34.446Z" }
wheels = [
    { url = "https://files.pythonhosted.org/packages/f2/cf/172701ea48987548c681e011681dda1d2605131f723e89225477fe7802e9/psycopg-3.1.19-py3-none-any.whl", hash = "sha256:dca5e5521c859f6606686432ae1c94e8766d29cc91f2ee595378c510cc5b0731", size = 179386, upload-time = "2024-05-10T12:24:15.972Z" },
]

[package.optional-dependencies]
binary = [
    { name = "psycopg-binary", marker = "implementation_name != 'pypy'" },
]

[[package]]
name = "psycopg-binary"
version = "3.1.19"
source = { registry = "https://pypi.org/simple" }
wheels = [
    { url = "https://files.pythonhosted.org/packages/23/8b/edb33fe99803c62272573a6880117918dbd22010d836b937068966e7c082/psycopg_binary-3.1.19-cp312-cp312-macosx_10_9_x86_64.whl", hash = "sha256:4aa0ca13bb8a725bb6d12c13999217fd5bc8b86a12589f28a74b93e076fbb959", size = 3305630, upload-time = "2024-05-10T12:25:27.424Z" },
    { url = "https://files.pythonhosted.org/packages/04/6f/43b079e8a942aafde2505dbf77a88f78264965a8565004d4bcd4fb97a7f0/psycopg_binary-3.1.19-cp312-cp312-macosx_11_0_arm64.whl", hash = "sha256:469424e354ebcec949aa6aa30e5a9edc352a899d9a68ad7a48f97df83cc914cf", size = 3473454, upload-time = "2024-05-10T12:25:29.85Z" },
    { url = "https://files.pythonhosted.org/packages/6c/7c/2fb9544c664a5c770d326769f365258d53780dc3e12354623dba5a18e400/psycopg_binary-3.1.19-cp312-cp312-manylinux_2_17_aarch64.manylinux2014_aarch64.whl", hash = "sha256:b04f5349313529ae1f1c42fe1aa0443faaf50fdf12d13866c2cc49683bfa53d0", size = 3062429, upload-time = "2024-05-10T12:25:32.01Z" },
    { url = "https://files.pythonhosted.org/packages/51/e2/51569e253b8d5ee489566fdd325fd3247d2c74891b2f6982a15d98daaf67/psycopg_binary-3.1.19-cp312-cp312-manylinux_2_17_i686.manylinux2014_i686.whl", hash = "sha256:959feabddc7fffac89b054d6f23f3b3c62d7d3c90cd414a02e3747495597f150", size = 3315040, upload-time = "2024-05-10T12:25:34.582Z" },
    { url = "https://files.pythonhosted.org/packages/3b/88/5121e279f16e92949d4bb3229b7eb521c64f3f0da661915ec73c25da8925/psycopg_binary-3.1.19-cp312-cp312-manylinux_2_17_ppc64le.manylinux2014_ppc64le.whl", hash = "sha256:e9da624a6ca4bc5f7fa1f03f8485446b5b81d5787b6beea2b4f8d9dbef878ad7", size = 3500901, upload-time = "2024-05-10T12:25:38.031Z" },
    { url = "https://files.pythonhosted.org/packages/ff/77/7fed4082d7cc56e05dabebaef1258593df0e57605126527b00149853874f/psycopg_binary-3.1.19-cp312-cp312-manylinux_2_17_x86_64.manylinux2014_x86_64.whl", hash = "sha256:c1823221a6b96e38b15686170d4fc5b36073efcb87cce7d3da660440b50077f6", size = 3257506, upload-time = "2024-05-10T12:25:40.206Z" },
    { url = "https://files.pythonhosted.org/packages/34/40/57b516d34c8ff99f2814a5db8499c4d590bf14314004427ff367ec4bb469/psycopg_binary-3.1.19-cp312-cp312-musllinux_1_1_aarch64.whl", hash = "sha256:866db42f986298f0cf15d805225eb8df2228bf19f7997d7f1cb5f388cbfc6a0f", size = 2574189, upload-time = "2024-05-10T12:25:42.622Z" },
    { url = "https://files.pythonhosted.org/packages/5a/ef/789cbf21640b85d58b4c9ef9ecb9169ddedb843e9b63ca5a6dfe05676aab/psycopg_binary-3.1.19-cp312-cp312-musllinux_1_1_i686.whl", hash = "sha256:738c34657305b5973af6dbb6711b07b179dfdd21196d60039ca30a74bafe9648", size = 2771543, upload-time = "2024-05-10T12:25:44.763Z" },
    { url = "https://files.pythonhosted.org/packages/14/a1/bb73a69be6e81c5efada523e4d14315b6a96f9646470579eebc5f4c84fa0/psycopg_binary-3.1.19-cp312-cp312-musllinux_1_1_ppc64le.whl", hash = "sha256:fb9758473200384a04374d0e0cac6f451218ff6945a024f65a1526802c34e56e", size = 2727571, upload-time = "2024-05-10T12:25:46.774Z" },
    { url = "https://files.pythonhosted.org/packages/42/22/ddf89b525526626650dccec6ef0fa09d22099dedbee27a5e1ed386a12f9a/psycopg_binary-3.1.19-cp312-cp312-musllinux_1_1_x86_64.whl", hash = "sha256:0e991632777e217953ac960726158987da684086dd813ac85038c595e7382c91", size = 2699438, upload-time = "2024-05-10T12:25:49.881Z" },
    { url = "https://files.pythonhosted.org/packages/5b/05/a210ec623bb24045e5b9a3fd94730d617ce157f45c95561169a7b5126855/psycopg_binary-3.1.19-cp312-cp312-win_amd64.whl", hash = "sha256:1d87484dd42c8783c44a30400949efb3d81ef2487eaa7d64d1c54df90cf8b97a", size = 2883779, upload-time = "2024-05-10T12:25:52.838Z" },
]

[[package]]
name = "pytest"
version = "7.4.4"
source = { registry = "https://pypi.org/simple" }
dependencies = [
    { name = "colorama", marker = "sys_platform == 'win32'" },
    { name = "iniconfig" },
    { name = "packaging" },
    { name = "pluggy" },
]
sdist = { url = "https://files.pythonhosted.org/packages/80/1f/9d8e98e4133ffb16c90f3b405c43e38d3abb715bb5d7a63a5a684f7e46a3/pytest-7.4.4.tar.gz", hash = "sha256:2cf0005922c6ace4a3e2ec8b4080eb0d9753fdc93107415332f50ce9e7994280", size = 1357116, upload-time = "2023-12-31T12:00:18.035Z" }
wheels = [
    { url = "https://files.pythonhosted.org/packages/51/ff/f6e8b8f39e08547faece4bd80f89d5a8de68a38b2d179cc1c4490ffa3286/pytest-7.4.4-py3-none-any.whl", hash = "sha256:b090cdf5ed60bf4c45261be03239c2c1c22df034fbffe691abe93cd80cea01d8", size = 325287, upload-time = "2023-12-31T12:00:13.963Z" },
]

[[package]]
name = "pytest-django"
version = "3.5.1"
source = { registry = "https://pypi.org/simple" }
dependencies = [
    { name = "pytest" },
]
sdist = { url = "https://files.pythonhosted.org/packages/75/8d/1016416b0ea2dce07e4a95d839e0d1aaee3f67105ec3e6b83a8a47cbcaef/pytest-django-3.5.1.tar.gz", hash = "sha256:264fb4c506db5d48a6364c311a0b00b7b48a52715bad8839b2d8bee9b99ed6bb", size = 67768, upload-time = "2019-06-29T16:28:45.37Z" }
wheels = [
    { url = "https://files.pythonhosted.org/packages/0f/02/1da366c7a382dbbaa6e5e156675159b9380f6dc875614669f39244ac9150/pytest_django-3.5.1-py2.py3-none-any.whl", hash = "sha256:4adfe5fb3ed47f0ba55506dd3daf688b1f74d5e69148c10ad2dd2f79f40c0d62", size = 18650, upload-time = "2019-06-29T16:28:43.605Z" },
]

[[package]]
name = "python-dateutil"
version = "2.9.0.post0"
source = { registry = "https://pypi.org/simple" }
dependencies = [
    { name = "six" },
]
sdist = { url = "https://files.pythonhosted.org/packages/66/c0/0c8b6ad9f17a802ee498c46e004a0eb49bc148f2fd230864601a86dcf6db/python-dateutil-2.9.0.post0.tar.gz", hash = "sha256:37dd54208da7e1cd875388217d5e00ebd4179249f90fb72437e91a35459a0ad3", size = 342432, upload-time = "2024-03-01T18:36:20.211Z" }
wheels = [
    { url = "https://files.pythonhosted.org/packages/ec/57/56b9bcc3c9c6a792fcbaf139543cee77261f3651ca9da0c93f5c1221264b/python_dateutil-2.9.0.post0-py2.py3-none-any.whl", hash = "sha256:a8b2bc7bffae282281c8140a97d3aa9c14da0b136dfe83f850eea9a5f7470427", size = 229892, upload-time = "2024-03-01T18:36:18.57Z" },
]

[[package]]
name = "requests"
version = "2.32.5"
source = { registry = "https://pypi.org/simple" }
dependencies = [
    { name = "certifi" },
    { name = "charset-normalizer" },
    { name = "idna" },
    { name = "urllib3" },
]
sdist = { url = "https://files.pythonhosted.org/packages/c9/74/b3ff8e6c8446842c3f5c837e9c3dfcfe2018ea6ecef224c710c85ef728f4/requests-2.32.5.tar.gz", hash = "sha256:dbba0bac56e100853db0ea71b82b4dfd5fe2bf6d3754a8893c3af500cec7d7cf", size = 134517, upload-time = "2025-08-18T20:46:02.573Z" }
wheels = [
    { url = "https://files.pythonhosted.org/packages/1e/db/4254e3eabe8020b458f1a747140d32277ec7a271daf1d235b70dc0b4e6e3/requests-2.32.5-py3-none-any.whl", hash = "sha256:2462f94637a34fd532264295e186976db0f5d453d1cdd31473c85a6a161affb6", size = 64738, upload-time = "2025-08-18T20:46:00.542Z" },
]

[[package]]
name = "s3transfer"
version = "0.16.0"
source = { registry = "https://pypi.org/simple" }
dependencies = [
    { name = "botocore" },
]
sdist = { url = "https://files.pythonhosted.org/packages/05/04/74127fc843314818edfa81b5540e26dd537353b123a4edc563109d8f17dd/s3transfer-0.16.0.tar.gz", hash = "sha256:8e990f13268025792229cd52fa10cb7163744bf56e719e0b9cb925ab79abf920", size = 153827, upload-time = "2025-12-01T02:30:59.114Z" }
wheels = [
    { url = "https://files.pythonhosted.org/packages/fc/51/727abb13f44c1fcf6d145979e1535a35794db0f6e450a0cb46aa24732fe2/s3transfer-0.16.0-py3-none-any.whl", hash = "sha256:18e25d66fed509e3868dc1572b3f427ff947dd2c56f844a5bf09481ad3f3b2fe", size = 86830, upload-time = "2025-12-01T02:30:57.729Z" },
]

[[package]]
name = "six"
version = "1.17.0"
source = { registry = "https://pypi.org/simple" }
sdist = { url = "https://files.pythonhosted.org/packages/94/e7/b2c673351809dca68a0e064b6af791aa332cf192da575fd474ed7d6f16a2/six-1.17.0.tar.gz", hash = "sha256:ff70335d468e7eb6ec65b95b99d3a2836546063f63acc5171de367e834932a81", size = 34031, upload-time = "2024-12-04T17:35:28.174Z" }
wheels = [
    { url = "https://files.pythonhosted.org/packages/b7/ce/149a00dd41f10bc29e5921b496af8b574d8413afcd5e30dfa0ed46c2cc5e/six-1.17.0-py2.py3-none-any.whl", hash = "sha256:4721f391ed90541fddacab5acf947aa0d3dc7d27b2e1e8eda2be8970586c3274", size = 11050, upload-time = "2024-12-04T17:35:26.475Z" },
]

[[package]]
name = "sqlparse"
version = "0.5.5"
source = { registry = "https://pypi.org/simple" }
sdist = { url = "https://files.pythonhosted.org/packages/90/76/437d71068094df0726366574cf3432a4ed754217b436eb7429415cf2d480/sqlparse-0.5.5.tar.gz", hash = "sha256:e20d4a9b0b8585fdf63b10d30066c7c94c5d7a7ec47c889a2d83a3caa93ff28e", size = 120815, upload-time = "2025-12-19T07:17:45.073Z" }
wheels = [
    { url = "https://files.pythonhosted.org/packages/49/4b/359f28a903c13438ef59ebeee215fb25da53066db67b305c125f1c6d2a25/sqlparse-0.5.5-py3-none-any.whl", hash = "sha256:12a08b3bf3eec877c519589833aed092e2444e68240a3577e8e26148acc7b1ba", size = 46138, upload-time = "2025-12-19T07:17:46.573Z" },
]

[[package]]
name = "text-unidecode"
version = "1.2"
source = { registry = "https://pypi.org/simple" }
sdist = { url = "https://files.pythonhosted.org/packages/f0/a2/40adaae7cbdd007fb12777e550b5ce344b56189921b9f70f37084c021ca4/text-unidecode-1.2.tar.gz", hash = "sha256:5a1375bb2ba7968740508ae38d92e1f889a0832913cb1c447d5e2046061a396d", size = 76872, upload-time = "2018-02-22T21:12:38.73Z" }
wheels = [
    { url = "https://files.pythonhosted.org/packages/79/42/d717cc2b4520fb09e45b344b1b0b4e81aa672001dd128c180fabc655c341/text_unidecode-1.2-py2.py3-none-any.whl", hash = "sha256:801e38bd550b943563660a91de8d4b6fa5df60a542be9093f7abf819f86050cc", size = 77896, upload-time = "2018-02-22T21:12:46.858Z" },
]

[[package]]
name = "toml"
version = "0.10.2"
source = { registry = "https://pypi.org/simple" }
sdist = { url = "https://files.pythonhosted.org/packages/be/ba/1f744cdc819428fc6b5084ec34d9b30660f6f9daaf70eead706e3203ec3c/toml-0.10.2.tar.gz", hash = "sha256:b3bda1d108d5dd99f4a20d24d9c348e91c4db7ab1b749200bded2f839ccbe68f", size = 22253, upload-time = "2020-11-01T01:40:22.204Z" }
wheels = [
    { url = "https://files.pythonhosted.org/packages/44/6f/7120676b6d73228c96e17f1f794d8ab046fc910d781c8d151120c3f1569e/toml-0.10.2-py2.py3-none-any.whl", hash = "sha256:806143ae5bfb6a3c6e736a764057db0e6a0e05e338b5630894a5f779cabb4f9b", size = 16588, upload-time = "2020-11-01T01:40:20.672Z" },
]

[[package]]
name = "typing-extensions"
version = "4.15.0"
source = { registry = "https://pypi.org/simple" }
sdist = { url = "https://files.pythonhosted.org/packages/72/94/1a15dd82efb362ac84269196e94cf00f187f7ed21c242792a923cdb1c61f/typing_extensions-4.15.0.tar.gz", hash = "sha256:0cea48d173cc12fa28ecabc3b837ea3cf6f38c6d1136f85cbaaf598984861466", size = 109391, upload-time = "2025-08-25T13:49:26.313Z" }
wheels = [
    { url = "https://files.pythonhosted.org/packages/18/67/36e9267722cc04a6b9f15c7f3441c2363321a3ea07da7ae0c0707beb2a9c/typing_extensions-4.15.0-py3-none-any.whl", hash = "sha256:f0fa19c6845758ab08074a0cfa8b7aecb71c999ca73d62883bc25cc018c4e548", size = 44614, upload-time = "2025-08-25T13:49:24.86Z" },
]

[[package]]
name = "tzdata"
version = "2025.3"
source = { registry = "https://pypi.org/simple" }
sdist = { url = "https://files.pythonhosted.org/packages/5e/a7/c202b344c5ca7daf398f3b8a477eeb205cf3b6f32e7ec3a6bac0629ca975/tzdata-2025.3.tar.gz", hash = "sha256:de39c2ca5dc7b0344f2eba86f49d614019d29f060fc4ebc8a417896a620b56a7", size = 196772, upload-time = "2025-12-13T17:45:35.667Z" }
wheels = [
    { url = "https://files.pythonhosted.org/packages/c7/b0/003792df09decd6849a5e39c28b513c06e84436a54440380862b5aeff25d/tzdata-2025.3-py2.py3-none-any.whl", hash = "sha256:06a47e5700f3081aab02b2e513160914ff0694bce9947d6b76ebd6bf57cfc5d1", size = 348521, upload-time = "2025-12-13T17:45:33.889Z" },
]

[[package]]
name = "urllib3"
version = "2.6.3"
source = { registry = "https://pypi.org/simple" }
sdist = { url = "https://files.pythonhosted.org/packages/c7/24/5f1b3bdffd70275f6661c76461e25f024d5a38a46f04aaca912426a2b1d3/urllib3-2.6.3.tar.gz", hash = "sha256:1b62b6884944a57dbe321509ab94fd4d3b307075e0c2eae991ac71ee15ad38ed", size = 435556, upload-time = "2026-01-07T16:24:43.925Z" }
wheels = [
    { url = "https://files.pythonhosted.org/packages/39/08/aaaad47bc4e9dc8c725e68f9d04865dbcb2052843ff09c97b08904852d84/urllib3-2.6.3-py3-none-any.whl", hash = "sha256:bf272323e553dfb2e87d9bfd225ca7b0f467b919d7bbd355436d3fd37cb0acd4", size = 131584, upload-time = "2026-01-07T16:24:42.685Z" },
]
